
Microsoft Visual Studio Solution File, Format Version 12.00
# Visual Studio Version 16
VisualStudioVersion = 16.0.31911.196
MinimumVisualStudioVersion = 10.0.40219.1
Project("{9A19103F-16F7-4668-BE54-9A1E7A4F7556}") = "DashBoardDB", "DashBoardDB\DashBoardDB.csproj", "{57381C70-0170-4F23-B7C3-3B564BE0CC61}"
EndProject
Global
	GlobalSection(SolutionConfigurationPlatforms) = preSolution
		Debug|Any CPU = Debug|Any CPU
		Release|Any CPU = Release|Any CPU
	EndGlobalSection
	GlobalSection(ProjectConfigurationPlatforms) = postSolution
		{57381C70-0170-4F23-B7C3-3B564BE0CC61}.Debug|Any CPU.ActiveCfg = Debug|Any CPU
		{57381C70-0170-4F23-B7C3-3B564BE0CC61}.Debug|Any CPU.Build.0 = Debug|Any CPU
		{57381C70-0170-4F23-B7C3-3B564BE0CC61}.Release|Any CPU.ActiveCfg = Release|Any CPU
		{57381C70-0170-4F23-B7C3-3B564BE0CC61}.Release|Any CPU.Build.0 = Release|Any CPU
	EndGlobalSection
	GlobalSection(SolutionProperties) = preSolution
		HideSolutionNode = FALSE
	EndGlobalSection
	GlobalSection(ExtensibilityGlobals) = postSolution
		SolutionGuid = {B0A6A601-EB35-492B-B2F8-F3422B7671AA}
	EndGlobalSection
EndGlobal
